
Microsoft Visual Studio Solution File, Format Version 12.00
# Visual Studio 15
Project("{FAE04EC0-301F-11D3-BF4B-00C04F79EFBC}") = "Assembly-CSharp", "Assembly-CSharp.csproj", "{83499675-D8C4-0BC1-8F19-E2151C5B0DDB}"
EndProject
Project("{FAE04EC0-301F-11D3-BF4B-00C04F79EFBC}") = "Assembly-CSharp-Editor", "Assembly-CSharp-Editor.csproj", "{EF6DAD6E-905B-2180-6E54-FD669D3D0463}"
EndProject
Global
	GlobalSection(SolutionConfigurationPlatforms) = preSolution
		Debug|Any CPU = Debug|Any CPU
		Release|Any CPU = Release|Any CPU
	EndGlobalSection
	GlobalSection(ProjectConfigurationPlatforms) = postSolution
		{83499675-D8C4-0BC1-8F19-E2151C5B0DDB}.Debug|Any CPU.ActiveCfg = Debug|Any CPU
		{83499675-D8C4-0BC1-8F19-E2151C5B0DDB}.Debug|Any CPU.Build.0 = Debug|Any CPU
		{83499675-D8C4-0BC1-8F19-E2151C5B0DDB}.Release|Any CPU.ActiveCfg = Release|Any CPU
		{83499675-D8C4-0BC1-8F19-E2151C5B0DDB}.Release|Any CPU.Build.0 = Release|Any CPU
		{EF6DAD6E-905B-2180-6E54-FD669D3D0463}.Debug|Any CPU.ActiveCfg = Debug|Any CPU
		{EF6DAD6E-905B-2180-6E54-FD669D3D0463}.Debug|Any CPU.Build.0 = Debug|Any CPU
		{EF6DAD6E-905B-2180-6E54-FD669D3D0463}.Release|Any CPU.ActiveCfg = Release|Any CPU
		{EF6DAD6E-905B-2180-6E54-FD669D3D0463}.Release|Any CPU.Build.0 = Release|Any CPU
	EndGlobalSection
	GlobalSection(SolutionProperties) = preSolution
		HideSolutionNode = FALSE
	EndGlobalSection
EndGlobal
